
Microsoft Visual Studio Solution File, Format Version 12.00
# Visual Studio Version 17
VisualStudioVersion = 17.11.35327.3
MinimumVisualStudioVersion = 10.0.40219.1
Project("{FAE04EC0-301F-11D3-BF4B-00C04F79EFBC}") = "NLith.KingGame.Backend", "NLith.KingGame.Models\NLith.KingGame.Backend.csproj", "{F49F215A-2931-4A83-BEA4-DCFD646E1343}"
	ProjectSection(ProjectDependencies) = postProject
		{13602AD7-468D-4AF3-A1B2-DA79449DDC0B} = {13602AD7-468D-4AF3-A1B2-DA79449DDC0B}
	EndProjectSection
EndProject
Project("{FAE04EC0-301F-11D3-BF4B-00C04F79EFBC}") = "King Game Main", "King_Game_Main\King Game Main.csproj", "{643F2163-CC10-4310-8C5C-836DB64F11CE}"
	ProjectSection(ProjectDependencies) = postProject
		{F49F215A-2931-4A83-BEA4-DCFD646E1343} = {F49F215A-2931-4A83-BEA4-DCFD646E1343}
	EndProjectSection
EndProject
Project("{FAE04EC0-301F-11D3-BF4B-00C04F79EFBC}") = "Modpack", "Modpack\Modpack.csproj", "{71D31ECB-C6E4-48AB-9552-A200E78AA4CA}"
EndProject
Project("{FAE04EC0-301F-11D3-BF4B-00C04F79EFBC}") = "Redeems", "Redeems\Redeems.csproj", "{625CE24A-C73A-4BC9-910F-B3B68E9FC199}"
EndProject
Project("{FAE04EC0-301F-11D3-BF4B-00C04F79EFBC}") = "TwitchLib", "twitch-lib\TwitchLib.csproj", "{13602AD7-468D-4AF3-A1B2-DA79449DDC0B}"
EndProject
Global
	GlobalSection(SolutionConfigurationPlatforms) = preSolution
		Debug|Any CPU = Debug|Any CPU
		Release|Any CPU = Release|Any CPU
	EndGlobalSection
	GlobalSection(ProjectConfigurationPlatforms) = postSolution
		{F49F215A-2931-4A83-BEA4-DCFD646E1343}.Debug|Any CPU.ActiveCfg = Debug|Any CPU
		{F49F215A-2931-4A83-BEA4-DCFD646E1343}.Debug|Any CPU.Build.0 = Debug|Any CPU
		{F49F215A-2931-4A83-BEA4-DCFD646E1343}.Release|Any CPU.ActiveCfg = Release|Any CPU
		{F49F215A-2931-4A83-BEA4-DCFD646E1343}.Release|Any CPU.Build.0 = Release|Any CPU
		{643F2163-CC10-4310-8C5C-836DB64F11CE}.Debug|Any CPU.ActiveCfg = Debug|Any CPU
		{643F2163-CC10-4310-8C5C-836DB64F11CE}.Debug|Any CPU.Build.0 = Debug|Any CPU
		{643F2163-CC10-4310-8C5C-836DB64F11CE}.Release|Any CPU.ActiveCfg = Release|Any CPU
		{643F2163-CC10-4310-8C5C-836DB64F11CE}.Release|Any CPU.Build.0 = Release|Any CPU
		{71D31ECB-C6E4-48AB-9552-A200E78AA4CA}.Debug|Any CPU.ActiveCfg = Debug|Any CPU
		{71D31ECB-C6E4-48AB-9552-A200E78AA4CA}.Debug|Any CPU.Build.0 = Debug|Any CPU
		{71D31ECB-C6E4-48AB-9552-A200E78AA4CA}.Release|Any CPU.ActiveCfg = Release|Any CPU
		{71D31ECB-C6E4-48AB-9552-A200E78AA4CA}.Release|Any CPU.Build.0 = Release|Any CPU
		{625CE24A-C73A-4BC9-910F-B3B68E9FC199}.Debug|Any CPU.ActiveCfg = Debug|Any CPU
		{625CE24A-C73A-4BC9-910F-B3B68E9FC199}.Debug|Any CPU.Build.0 = Debug|Any CPU
		{625CE24A-C73A-4BC9-910F-B3B68E9FC199}.Release|Any CPU.ActiveCfg = Release|Any CPU
		{625CE24A-C73A-4BC9-910F-B3B68E9FC199}.Release|Any CPU.Build.0 = Release|Any CPU
		{13602AD7-468D-4AF3-A1B2-DA79449DDC0B}.Debug|Any CPU.ActiveCfg = Debug|Any CPU
		{13602AD7-468D-4AF3-A1B2-DA79449DDC0B}.Debug|Any CPU.Build.0 = Debug|Any CPU
		{13602AD7-468D-4AF3-A1B2-DA79449DDC0B}.Release|Any CPU.ActiveCfg = Release|Any CPU
		{13602AD7-468D-4AF3-A1B2-DA79449DDC0B}.Release|Any CPU.Build.0 = Release|Any CPU
	EndGlobalSection
	GlobalSection(SolutionProperties) = preSolution
		HideSolutionNode = FALSE
	EndGlobalSection
	GlobalSection(ExtensibilityGlobals) = postSolution
		SolutionGuid = {1CC7B8CE-2CE7-40E3-97D5-0936021802BD}
	EndGlobalSection
EndGlobal
