
Microsoft Visual Studio Solution File, Format Version 12.00
# Visual Studio Version 17
VisualStudioVersion = 17.11.35327.3
MinimumVisualStudioVersion = 10.0.40219.1
Project("{FAE04EC0-301F-11D3-BF4B-00C04F79EFBC}") = "NLith.KingGame.Backend", "NLith.KingGame.Models\NLith.KingGame.Backend.csproj", "{F49F215A-2931-4A83-BEA4-DCFD646E1343}"
EndProject
Project("{FAE04EC0-301F-11D3-BF4B-00C04F79EFBC}") = "King Game Main", "King_Game_Main\King Game Main.csproj", "{643F2163-CC10-4310-8C5C-836DB64F11CE}"
	ProjectSection(ProjectDependencies) = postProject
		{F49F215A-2931-4A83-BEA4-DCFD646E1343} = {F49F215A-2931-4A83-BEA4-DCFD646E1343}
	EndProjectSection
EndProject
Global
	GlobalSection(SolutionConfigurationPlatforms) = preSolution
		Debug|Any CPU = Debug|Any CPU
		Release|Any CPU = Release|Any CPU
	EndGlobalSection
	GlobalSection(ProjectConfigurationPlatforms) = postSolution
		{F49F215A-2931-4A83-BEA4-DCFD646E1343}.Debug|Any CPU.ActiveCfg = Debug|Any CPU
		{F49F215A-2931-4A83-BEA4-DCFD646E1343}.Debug|Any CPU.Build.0 = Debug|Any CPU
		{F49F215A-2931-4A83-BEA4-DCFD646E1343}.Release|Any CPU.ActiveCfg = Release|Any CPU
		{F49F215A-2931-4A83-BEA4-DCFD646E1343}.Release|Any CPU.Build.0 = Release|Any CPU
		{643F2163-CC10-4310-8C5C-836DB64F11CE}.Debug|Any CPU.ActiveCfg = Debug|Any CPU
		{643F2163-CC10-4310-8C5C-836DB64F11CE}.Debug|Any CPU.Build.0 = Debug|Any CPU
		{643F2163-CC10-4310-8C5C-836DB64F11CE}.Release|Any CPU.ActiveCfg = Release|Any CPU
		{643F2163-CC10-4310-8C5C-836DB64F11CE}.Release|Any CPU.Build.0 = Release|Any CPU
	EndGlobalSection
	GlobalSection(SolutionProperties) = preSolution
		HideSolutionNode = FALSE
	EndGlobalSection
	GlobalSection(ExtensibilityGlobals) = postSolution
		SolutionGuid = {1CC7B8CE-2CE7-40E3-97D5-0936021802BD}
	EndGlobalSection
EndGlobal
